// !$*UTF8*$!
{
	archiveVersion = 1;
	classes = {
	};
	objectVersion = 46;
	objects = {

/* Begin PBXBuildFile section */
		EDEFC1F21C1AA29500476182 /* main.m in Sources */ = {isa = PBXBuildFile; fileRef = EDEFC1F11C1AA29500476182 /* main.m */; };
		EDEFC1F51C1AA29500476182 /* AppDelegate.m in Sources */ = {isa = PBXBuildFile; fileRef = EDEFC1F41C1AA29500476182 /* AppDelegate.m */; };
		EDEFC1F81C1AA29500476182 /* ViewController.m in Sources */ = {isa = PBXBuildFile; fileRef = EDEFC1F71C1AA29500476182 /* ViewController.m */; };
		EDEFC1FB1C1AA29500476182 /* Main.storyboard in Resources */ = {isa = PBXBuildFile; fileRef = EDEFC1F91C1AA29500476182 /* Main.storyboard */; };
		EDEFC1FD1C1AA29500476182 /* Assets.xcassets in Resources */ = {isa = PBXBuildFile; fileRef = EDEFC1FC1C1AA29500476182 /* Assets.xcassets */; };
		EDEFC2001C1AA29500476182 /* LaunchScreen.storyboard in Resources */ = {isa = PBXBuildFile; fileRef = EDEFC1FE1C1AA29500476182 /* LaunchScreen.storyboard */; };
		EDEFC2091C1AA2DD00476182 /* UIView+Additions.m in Sources */ = {isa = PBXBuildFile; fileRef = EDEFC2081C1AA2DD00476182 /* UIView+Additions.m */; };
/* End PBXBuildFile section */

/* Begin PBXFileReference section */
		EDEFC1ED1C1AA29500476182 /* QQSlide.app */ = {isa = PBXFileReference; explicitFileType = wrapper.application; includeInIndex = 0; path = QQSlide.app; sourceTree = BUILT_PRODUCTS_DIR; };
		EDEFC1F11C1AA29500476182 /* main.m */ = {isa = PBXFileReference; lastKnownFileType = sourcecode.c.objc; path = main.m; sourceTree = "<group>"; };
		EDEFC1F31C1AA29500476182 /* AppDelegate.h */ = {isa = PBXFileReference; lastKnownFileType = sourcecode.c.h; path = AppDelegate.h; sourceTree = "<group>"; };
		EDEFC1F41C1AA29500476182 /* AppDelegate.m */ = {isa = PBXFileReference; lastKnownFileType = sourcecode.c.objc; path = AppDelegate.m; sourceTree = "<group>"; };
		EDEFC1F61C1AA29500476182 /* ViewController.h */ = {isa = PBXFileReference; lastKnownFileType = sourcecode.c.h; path = ViewController.h; sourceTree = "<group>"; };
		EDEFC1F71C1AA29500476182 /* ViewController.m */ = {isa = PBXFileReference; lastKnownFileType = sourcecode.c.objc; path = ViewController.m; sourceTree = "<group>"; };
		EDEFC1FA1C1AA29500476182 /* Base */ = {isa = PBXFileReference; lastKnownFileType = file.storyboard; name = Base; path = Base.lproj/Main.storyboard; sourceTree = "<group>"; };
		EDEFC1FC1C1AA29500476182 /* Assets.xcassets */ = {isa = PBXFileReference; lastKnownFileType = folder.assetcatalog; path = Assets.xcassets; sourceTree = "<group>"; };
		EDEFC1FF1C1AA29500476182 /* Base */ = {isa = PBXFileReference; lastKnownFileType = file.storyboard; name = Base; path = Base.lproj/LaunchScreen.storyboard; sourceTree = "<group>"; };
		EDEFC2011C1AA29500476182 /* Info.plist */ = {isa = PBXFileReference; lastKnownFileType = text.plist.xml; path = Info.plist; sourceTree = "<group>"; };
		EDEFC2071C1AA2DD00476182 /* UIView+Additions.h */ = {isa = PBXFileReference; fileEncoding = 4; lastKnownFileType = sourcecode.c.h; path = "UIView+Additions.h"; sourceTree = "<group>"; };
		EDEFC2081C1AA2DD00476182 /* UIView+Additions.m */ = {isa = PBXFileReference; fileEncoding = 4; lastKnownFileType = sourcecode.c.objc; path = "UIView+Additions.m"; sourceTree = "<group>"; };
/* End PBXFileReference section */

/* Begin PBXFrameworksBuildPhase section */
		EDEFC1EA1C1AA29500476182 /* Frameworks */ = {
			isa = PBXFrameworksBuildPhase;
			buildActionMask = 2147483647;
			files = (
			);
			runOnlyForDeploymentPostprocessing = 0;
		};
/* End PBXFrameworksBuildPhase section */

/* Begin PBXGroup section */
		EDEFC1E41C1AA29500476182 = {
			isa = PBXGroup;
			children = (
				EDEFC1EF1C1AA29500476182 /* QQSlide */,
				EDEFC1EE1C1AA29500476182 /* Products */,
			);
			sourceTree = "<group>";
		};
		EDEFC1EE1C1AA29500476182 /* Products */ = {
			isa = PBXGroup;
			children = (
				EDEFC1ED1C1AA29500476182 /* QQSlide.app */,
			);
			name = Products;
			sourceTree = "<group>";
		};
		EDEFC1EF1C1AA29500476182 /* QQSlide */ = {
			isa = PBXGroup;
			children = (
				EDEFC2071C1AA2DD00476182 /* UIView+Additions.h */,
				EDEFC2081C1AA2DD00476182 /* UIView+Additions.m */,
				EDEFC1F31C1AA29500476182 /* AppDelegate.h */,
				EDEFC1F41C1AA29500476182 /* AppDelegate.m */,
				EDEFC1F61C1AA29500476182 /* ViewController.h */,
				EDEFC1F71C1AA29500476182 /* ViewController.m */,
				EDEFC1F91C1AA29500476182 /* Main.storyboard */,
				EDEFC1FC1C1AA29500476182 /* Assets.xcassets */,
				EDEFC1FE1C1AA29500476182 /* LaunchScreen.storyboard */,
				EDEFC2011C1AA29500476182 /* Info.plist */,
				EDEFC1F01C1AA29500476182 /* Supporting Files */,
			);
			path = QQSlide;
			sourceTree = "<group>";
		};
		EDEFC1F01C1AA29500476182 /* Supporting Files */ = {
			isa = PBXGroup;
			children = (
				EDEFC1F11C1AA29500476182 /* main.m */,
			);
			name = "Supporting Files";
			sourceTree = "<group>";
		};
/* End PBXGroup section */

/* Begin PBXNativeTarget section */
		EDEFC1EC1C1AA29500476182 /* QQSlide */ = {
			isa = PBXNativeTarget;
			buildConfigurationList = EDEFC2041C1AA29500476182 /* Build configuration list for PBXNativeTarget "QQSlide" */;
			buildPhases = (
				EDEFC1E91C1AA29500476182 /* Sources */,
				EDEFC1EA1C1AA29500476182 /* Frameworks */,
				EDEFC1EB1C1AA29500476182 /* Resources */,
			);
			buildRules = (
			);
			dependencies = (
			);
			name = QQSlide;
			productName = QQSlide;
			productReference = EDEFC1ED1C1AA29500476182 /* QQSlide.app */;
			productType = "com.apple.product-type.application";
		};
/* End PBXNativeTarget section */

/* Begin PBXProject section */
		EDEFC1E51C1AA29500476182 /* Project object */ = {
			isa = PBXProject;
			attributes = {
				LastUpgradeCheck = 0710;
				ORGANIZATIONNAME = cyyz;
				TargetAttributes = {
					EDEFC1EC1C1AA29500476182 = {
						CreatedOnToolsVersion = 7.1.1;
					};
				};
			};
			buildConfigurationList = EDEFC1E81C1AA29500476182 /* Build configuration list for PBXProject "QQSlide" */;
			compatibilityVersion = "Xcode 3.2";
			developmentRegion = English;
			hasScannedForEncodings = 0;
			knownRegions = (
				en,
				Base,
			);
			mainGroup = EDEFC1E41C1AA29500476182;
			productRefGroup = EDEFC1EE1C1AA29500476182 /* Products */;
			projectDirPath = "";
			projectRoot = "";
			targets = (
				EDEFC1EC1C1AA29500476182 /* QQSlide */,
			);
		};
/* End PBXProject section */

/* Begin PBXResourcesBuildPhase section */
		EDEFC1EB1C1AA29500476182 /* Resources */ = {
			isa = PBXResourcesBuildPhase;
			buildActionMask = 2147483647;
			files = (
				EDEFC2001C1AA29500476182 /* LaunchScreen.storyboard in Resources */,
				EDEFC1FD1C1AA29500476182 /* Assets.xcassets in Resources */,
				EDEFC1FB1C1AA29500476182 /* Main.storyboard in Resources */,
			);
			runOnlyForDeploymentPostprocessing = 0;
		};
/* End PBXResourcesBuildPhase section */

/* Begin PBXSourcesBuildPhase section */
		EDEFC1E91C1AA29500476182 /* Sources */ = {
			isa = PBXSourcesBuildPhase;
			buildActionMask = 2147483647;
			files = (
				EDEFC2091C1AA2DD00476182 /* UIView+Additions.m in Sources */,
				EDEFC1F81C1AA29500476182 /* ViewController.m in Sources */,
				EDEFC1F51C1AA29500476182 /* AppDelegate.m in Sources */,
				EDEFC1F21C1AA29500476182 /* main.m in Sources */,
			);
			runOnlyForDeploymentPostprocessing = 0;
		};
/* End PBXSourcesBuildPhase section */

/* Begin PBXVariantGroup section */
		EDEFC1F91C1AA29500476182 /* Main.storyboard */ = {
			isa = PBXVariantGroup;
			children = (
				EDEFC1FA1C1AA29500476182 /* Base */,
			);
			name = Main.storyboard;
			sourceTree = "<group>";
		};
		EDEFC1FE1C1AA29500476182 /* LaunchScreen.storyboard */ = {
			isa = PBXVariantGroup;
			children = (
				EDEFC1FF1C1AA29500476182 /* Base */,
			);
			name = LaunchScreen.storyboard;
			sourceTree = "<group>";
		};
/* End PBXVariantGroup section */

/* Begin XCBuildConfiguration section */
		EDEFC2021C1AA29500476182 /* Debug */ = {
			isa = XCBuildConfiguration;
			buildSettings = {
				ALWAYS_SEARCH_USER_PATHS = NO;
				CLANG_CXX_LANGUAGE_STANDARD = "gnu++0x";
				CLANG_CXX_LIBRARY = "libc++";
				CLANG_ENABLE_MODULES = YES;
				CLANG_ENABLE_OBJC_ARC = YES;
				CLANG_WARN_BOOL_CONVERSION = YES;
				CLANG_WARN_CONSTANT_CONVERSION = YES;
				CLANG_WARN_DIRECT_OBJC_ISA_USAGE = YES_ERROR;
				CLANG_WARN_EMPTY_BODY = YES;
				CLANG_WARN_ENUM_CONVERSION = YES;
				CLANG_WARN_INT_CONVERSION = YES;
				CLANG_WARN_OBJC_ROOT_CLASS = YES_ERROR;
				CLANG_WARN_UNREACHABLE_CODE = YES;
				CLANG_WARN__DUPLICATE_METHOD_MATCH = YES;
				"CODE_SIGN_IDENTITY[sdk=iphoneos*]" = "iPhone Developer";
				COPY_PHASE_STRIP = NO;
				DEBUG_INFORMATION_FORMAT = dwarf;
				ENABLE_STRICT_OBJC_MSGSEND = YES;
				ENABLE_TESTABILITY = YES;
				GCC_C_LANGUAGE_STANDARD = gnu99;
				GCC_DYNAMIC_NO_PIC = NO;
				GCC_NO_COMMON_BLOCKS = YES;
				GCC_OPTIMIZATION_LEVEL = 0;
				GCC_PREPROCESSOR_DEFINITIONS = (
					"DEBUG=1",
					"$(inherited)",
				);
				GCC_WARN_64_TO_32_BIT_CONVERSION = YES;
				GCC_WARN_ABOUT_RETURN_TYPE = YES_ERROR;
				GCC_WARN_UNDECLARED_SELECTOR = YES;
				GCC_WARN_UNINITIALIZED_AUTOS = YES_AGGRESSIVE;
				GCC_WARN_UNUSED_FUNCTION = YES;
				GCC_WARN_UNUSED_VARIABLE = YES;
				IPHONEOS_DEPLOYMENT_TARGET = 9.1;
				MTL_ENABLE_DEBUG_INFO = YES;
				ONLY_ACTIVE_ARCH = YES;
				SDKROOT = iphoneos;
			};
			name = Debug;
		};
		EDEFC2031C1AA29500476182 /* Release */ = {
			isa = XCBuildConfiguration;
			buildSettings = {
				ALWAYS_SEARCH_USER_PATHS = NO;
				CLANG_CXX_LANGUAGE_STANDARD = "gnu++0x";
				CLANG_CXX_LIBRARY = "libc++";
				CLANG_ENABLE_MODULES = YES;
				CLANG_ENABLE_OBJC_ARC = YES;
				CLANG_WARN_BOOL_CONVERSION = YES;
				CLANG_WARN_CONSTANT_CONVERSION = YES;
				CLANG_WARN_DIRECT_OBJC_ISA_USAGE = YES_ERROR;
				CLANG_WARN_EMPTY_BODY = YES;
				CLANG_WARN_ENUM_CONVERSION = YES;
				CLANG_WARN_INT_CONVERSION = YES;
				CLANG_WARN_OBJC_ROOT_CLASS = YES_ERROR;
				CLANG_WARN_UNREACHABLE_CODE = YES;
				CLANG_WARN__DUPLICATE_METHOD_MATCH = YES;
				"CODE_SIGN_IDENTITY[sdk=iphoneos*]" = "iPhone Developer";
				COPY_PHASE_STRIP = NO;
				DEBUG_INFORMATION_FORMAT = "dwarf-with-dsym";
				ENABLE_NS_ASSERTIONS = NO;
				ENABLE_STRICT_OBJC_MSGSEND = YES;
				GCC_C_LANGUAGE_STANDARD = gnu99;
				GCC_NO_COMMON_BLOCKS = YES;
				GCC_WARN_64_TO_32_BIT_CONVERSION = YES;
				GCC_WARN_ABOUT_RETURN_TYPE = YES_ERROR;
				GCC_WARN_UNDECLARED_SELECTOR = YES;
				GCC_WARN_UNINITIALIZED_AUTOS = YES_AGGRESSIVE;
				GCC_WARN_UNUSED_FUNCTION = YES;
				GCC_WARN_UNUSED_VARIABLE = YES;
				IPHONEOS_DEPLOYMENT_TARGET = 9.1;
				MTL_ENABLE_DEBUG_INFO = NO;
				SDKROOT = iphoneos;
				VALIDATE_PRODUCT = YES;
			};
			name = Release;
		};
		EDEFC2051C1AA29500476182 /* Debug */ = {
			isa = XCBuildConfiguration;
			buildSettings = {
				ASSETCATALOG_COMPILER_APPICON_NAME = AppIcon;
				INFOPLIST_FILE = QQSlide/Info.plist;
				LD_RUNPATH_SEARCH_PATHS = "$(inherited) @executable_path/Frameworks";
				PRODUCT_BUNDLE_IDENTIFIER = "com.cyyz-health.tsym.QQSlide";
				PRODUCT_NAME = "$(TARGET_NAME)";
			};
			name = Debug;
		};
		EDEFC2061C1AA29500476182 /* Release */ = {
			isa = XCBuildConfiguration;
			buildSettings = {
				ASSETCATALOG_COMPILER_APPICON_NAME = AppIcon;
				INFOPLIST_FILE = QQSlide/Info.plist;
				LD_RUNPATH_SEARCH_PATHS = "$(inherited) @executable_path/Frameworks";
				PRODUCT_BUNDLE_IDENTIFIER = "com.cyyz-health.tsym.QQSlide";
				PRODUCT_NAME = "$(TARGET_NAME)";
			};
			name = Release;
		};
/* End XCBuildConfiguration section */

/* Begin XCConfigurationList section */
		EDEFC1E81C1AA29500476182 /* Build configuration list for PBXProject "QQSlide" */ = {
			isa = XCConfigurationList;
			buildConfigurations = (
				EDEFC2021C1AA29500476182 /* Debug */,
				EDEFC2031C1AA29500476182 /* Release */,
			);
			defaultConfigurationIsVisible = 0;
			defaultConfigurationName = Release;
		};
		EDEFC2041C1AA29500476182 /* Build configuration list for PBXNativeTarget "QQSlide" */ = {
			isa = XCConfigurationList;
			buildConfigurations = (
				EDEFC2051C1AA29500476182 /* Debug */,
				EDEFC2061C1AA29500476182 /* Release */,
			);
			defaultConfigurationIsVisible = 0;
		};
/* End XCConfigurationList section */
	};
	rootObject = EDEFC1E51C1AA29500476182 /* Project object */;
}
